
Microsoft Visual Studio Solution File, Format Version 12.00
# Visual Studio Version 16
VisualStudioVersion = 16.0.30011.22
MinimumVisualStudioVersion = 10.0.40219.1
Project("{FAE04EC0-301F-11D3-BF4B-00C04F79EFBC}") = "AdventOfCode", "AdventOfCode\AdventOfCode.csproj", "{4CD4F686-5549-4545-BD68-F20A80EDD6D7}"
EndProject
Project("{FAE04EC0-301F-11D3-BF4B-00C04F79EFBC}") = "AdventOfCode.Tests", "AdventOfCode.Tests\AdventOfCode.Tests.csproj", "{18DA9AED-23C2-44B4-80C8-65D04393DD48}"
EndProject
Global
	GlobalSection(SolutionConfigurationPlatforms) = preSolution
		Debug|Any CPU = Debug|Any CPU
		Release|Any CPU = Release|Any CPU
	EndGlobalSection
	GlobalSection(ProjectConfigurationPlatforms) = postSolution
		{4CD4F686-5549-4545-BD68-F20A80EDD6D7}.Debug|Any CPU.ActiveCfg = Debug|Any CPU
		{4CD4F686-5549-4545-BD68-F20A80EDD6D7}.Debug|Any CPU.Build.0 = Debug|Any CPU
		{4CD4F686-5549-4545-BD68-F20A80EDD6D7}.Release|Any CPU.ActiveCfg = Release|Any CPU
		{4CD4F686-5549-4545-BD68-F20A80EDD6D7}.Release|Any CPU.Build.0 = Release|Any CPU
		{18DA9AED-23C2-44B4-80C8-65D04393DD48}.Debug|Any CPU.ActiveCfg = Debug|Any CPU
		{18DA9AED-23C2-44B4-80C8-65D04393DD48}.Debug|Any CPU.Build.0 = Debug|Any CPU
		{18DA9AED-23C2-44B4-80C8-65D04393DD48}.Release|Any CPU.ActiveCfg = Release|Any CPU
		{18DA9AED-23C2-44B4-80C8-65D04393DD48}.Release|Any CPU.Build.0 = Release|Any CPU
	EndGlobalSection
	GlobalSection(SolutionProperties) = preSolution
		HideSolutionNode = FALSE
	EndGlobalSection
	GlobalSection(ExtensibilityGlobals) = postSolution
		SolutionGuid = {B615AAC8-F2AF-4256-91DB-C3A5DB2B3D21}
	EndGlobalSection
EndGlobal
